
Microsoft Visual Studio Solution File, Format Version 12.00
# Visual Studio Version 16
VisualStudioVersion = 16.0.35425.106
MinimumVisualStudioVersion = 10.0.40219.1
Project("{F184B08F-C81C-45F6-A57F-5ABD9991F28F}") = "BostilSimulator2025", "BostilSimulator2025.vbproj", "{89D2B97D-DE2E-4E0B-A367-9B66294FE0B8}"
EndProject
Global
	GlobalSection(SolutionConfigurationPlatforms) = preSolution
		Debug|Any CPU = Debug|Any CPU
		Release|Any CPU = Release|Any CPU
	EndGlobalSection
	GlobalSection(ProjectConfigurationPlatforms) = postSolution
		{89D2B97D-DE2E-4E0B-A367-9B66294FE0B8}.Debug|Any CPU.ActiveCfg = Debug|Any CPU
		{89D2B97D-DE2E-4E0B-A367-9B66294FE0B8}.Debug|Any CPU.Build.0 = Debug|Any CPU
		{89D2B97D-DE2E-4E0B-A367-9B66294FE0B8}.Release|Any CPU.ActiveCfg = Release|Any CPU
		{89D2B97D-DE2E-4E0B-A367-9B66294FE0B8}.Release|Any CPU.Build.0 = Release|Any CPU
	EndGlobalSection
	GlobalSection(SolutionProperties) = preSolution
		HideSolutionNode = FALSE
	EndGlobalSection
	GlobalSection(ExtensibilityGlobals) = postSolution
		SolutionGuid = {57CCEE7B-49E5-441C-8903-FC53D1AE39AA}
	EndGlobalSection
EndGlobal
